
Microsoft Visual Studio Solution File, Format Version 12.00
# Visual Studio Version 17
VisualStudioVersion = 17.0.32014.148
MinimumVisualStudioVersion = 10.0.40219.1
Project("{FAE04EC0-301F-11D3-BF4B-00C04F79EFBC}") = "Catalog Hierarhy", "Catalog Hierarhy\Catalog Hierarhy.csproj", "{B1DEFD25-7791-48CC-A1C4-12A4FE141887}"
EndProject
Global
	GlobalSection(SolutionConfigurationPlatforms) = preSolution
		Debug|Any CPU = Debug|Any CPU
		Release|Any CPU = Release|Any CPU
	EndGlobalSection
	GlobalSection(ProjectConfigurationPlatforms) = postSolution
		{B1DEFD25-7791-48CC-A1C4-12A4FE141887}.Debug|Any CPU.ActiveCfg = Debug|Any CPU
		{B1DEFD25-7791-48CC-A1C4-12A4FE141887}.Debug|Any CPU.Build.0 = Debug|Any CPU
		{B1DEFD25-7791-48CC-A1C4-12A4FE141887}.Release|Any CPU.ActiveCfg = Release|Any CPU
		{B1DEFD25-7791-48CC-A1C4-12A4FE141887}.Release|Any CPU.Build.0 = Release|Any CPU
	EndGlobalSection
	GlobalSection(SolutionProperties) = preSolution
		HideSolutionNode = FALSE
	EndGlobalSection
	GlobalSection(ExtensibilityGlobals) = postSolution
		SolutionGuid = {054871CA-8EFF-41AD-9F80-C511110717B2}
	EndGlobalSection
EndGlobal
